
Microsoft Visual Studio Solution File, Format Version 12.00
# Visual Studio Version 17
VisualStudioVersion = 17.9.34616.47
MinimumVisualStudioVersion = 10.0.40219.1
Project("{8BC9CEB8-8B4A-11D0-8D11-00A0C91BC942}") = "0066_Doublelinkedlist", "0066_Doublelinkedlist.vcxproj", "{C3585873-5E78-4FD0-A2EE-1D3970AE4691}"
EndProject
Global
	GlobalSection(SolutionConfigurationPlatforms) = preSolution
		Debug|x64 = Debug|x64
		Debug|x86 = Debug|x86
		Release|x64 = Release|x64
		Release|x86 = Release|x86
	EndGlobalSection
	GlobalSection(ProjectConfigurationPlatforms) = postSolution
		{C3585873-5E78-4FD0-A2EE-1D3970AE4691}.Debug|x64.ActiveCfg = Debug|x64
		{C3585873-5E78-4FD0-A2EE-1D3970AE4691}.Debug|x64.Build.0 = Debug|x64
		{C3585873-5E78-4FD0-A2EE-1D3970AE4691}.Debug|x86.ActiveCfg = Debug|Win32
		{C3585873-5E78-4FD0-A2EE-1D3970AE4691}.Debug|x86.Build.0 = Debug|Win32
		{C3585873-5E78-4FD0-A2EE-1D3970AE4691}.Release|x64.ActiveCfg = Release|x64
		{C3585873-5E78-4FD0-A2EE-1D3970AE4691}.Release|x64.Build.0 = Release|x64
		{C3585873-5E78-4FD0-A2EE-1D3970AE4691}.Release|x86.ActiveCfg = Release|Win32
		{C3585873-5E78-4FD0-A2EE-1D3970AE4691}.Release|x86.Build.0 = Release|Win32
	EndGlobalSection
	GlobalSection(SolutionProperties) = preSolution
		HideSolutionNode = FALSE
	EndGlobalSection
	GlobalSection(ExtensibilityGlobals) = postSolution
		SolutionGuid = {2B4A9883-06EF-4CB6-998E-46A8F833D04F}
	EndGlobalSection
EndGlobal
